
Microsoft Visual Studio Solution File, Format Version 12.00
# Visual Studio Version 17
VisualStudioVersion = 17.3.32929.385
MinimumVisualStudioVersion = 10.0.40219.1
Project("{FAE04EC0-301F-11D3-BF4B-00C04F79EFBC}") = "Sys_DZ_03", "Sys_DZ_03\Sys_DZ_03.csproj", "{FA35C1CF-52F5-4FFA-93FC-8AF704F0F9AC}"
EndProject
Global
	GlobalSection(SolutionConfigurationPlatforms) = preSolution
		Debug|Any CPU = Debug|Any CPU
		Release|Any CPU = Release|Any CPU
	EndGlobalSection
	GlobalSection(ProjectConfigurationPlatforms) = postSolution
		{FA35C1CF-52F5-4FFA-93FC-8AF704F0F9AC}.Debug|Any CPU.ActiveCfg = Debug|Any CPU
		{FA35C1CF-52F5-4FFA-93FC-8AF704F0F9AC}.Debug|Any CPU.Build.0 = Debug|Any CPU
		{FA35C1CF-52F5-4FFA-93FC-8AF704F0F9AC}.Release|Any CPU.ActiveCfg = Release|Any CPU
		{FA35C1CF-52F5-4FFA-93FC-8AF704F0F9AC}.Release|Any CPU.Build.0 = Release|Any CPU
	EndGlobalSection
	GlobalSection(SolutionProperties) = preSolution
		HideSolutionNode = FALSE
	EndGlobalSection
	GlobalSection(ExtensibilityGlobals) = postSolution
		SolutionGuid = {ED5793FC-6EEF-4C8A-B613-5FABA109127D}
	EndGlobalSection
EndGlobal
